
Microsoft Visual Studio Solution File, Format Version 12.00
# Visual Studio Version 16
VisualStudioVersion = 16.0.31410.357
MinimumVisualStudioVersion = 10.0.40219.1
Project("{FAE04EC0-301F-11D3-BF4B-00C04F79EFBC}") = "prakt 12.1", "prakt 12.1\prakt 12.1.csproj", "{D1D25DBB-BFDF-43BE-9C30-EF75B8409021}"
EndProject
Global
	GlobalSection(SolutionConfigurationPlatforms) = preSolution
		Debug|Any CPU = Debug|Any CPU
		Release|Any CPU = Release|Any CPU
	EndGlobalSection
	GlobalSection(ProjectConfigurationPlatforms) = postSolution
		{D1D25DBB-BFDF-43BE-9C30-EF75B8409021}.Debug|Any CPU.ActiveCfg = Debug|Any CPU
		{D1D25DBB-BFDF-43BE-9C30-EF75B8409021}.Debug|Any CPU.Build.0 = Debug|Any CPU
		{D1D25DBB-BFDF-43BE-9C30-EF75B8409021}.Release|Any CPU.ActiveCfg = Release|Any CPU
		{D1D25DBB-BFDF-43BE-9C30-EF75B8409021}.Release|Any CPU.Build.0 = Release|Any CPU
	EndGlobalSection
	GlobalSection(SolutionProperties) = preSolution
		HideSolutionNode = FALSE
	EndGlobalSection
	GlobalSection(ExtensibilityGlobals) = postSolution
		SolutionGuid = {10D9C054-234E-498F-8DD5-E4C2C9B882FE}
	EndGlobalSection
EndGlobal
